// !$*UTF8*$!
{
	archiveVersion = 1;
	classes = {
	};
	objectVersion = 56;
	objects = {

/* Begin PBXBuildFile section */
		2CBEBC2C2B03BA98007B7391 /* RunWeatherApp.swift in Sources */ = {isa = PBXBuildFile; fileRef = 2CBEBC2B2B03BA98007B7391 /* RunWeatherApp.swift */; };
		2CBEBC2E2B03BA98007B7391 /* ContentView.swift in Sources */ = {isa = PBXBuildFile; fileRef = 2CBEBC2D2B03BA98007B7391 /* ContentView.swift */; };
		2CBEBC302B03BA99007B7391 /* Assets.xcassets in Resources */ = {isa = PBXBuildFile; fileRef = 2CBEBC2F2B03BA99007B7391 /* Assets.xcassets */; };
		2CBEBC332B03BA99007B7391 /* Preview Assets.xcassets in Resources */ = {isa = PBXBuildFile; fileRef = 2CBEBC322B03BA99007B7391 /* Preview Assets.xcassets */; };
		2CBEBC3D2B03BA99007B7391 /* runWeatherTests.swift in Sources */ = {isa = PBXBuildFile; fileRef = 2CBEBC3C2B03BA99007B7391 /* runWeatherTests.swift */; };
		2CBEBC472B03BA99007B7391 /* runWeatherUITests.swift in Sources */ = {isa = PBXBuildFile; fileRef = 2CBEBC462B03BA99007B7391 /* runWeatherUITests.swift */; };
		2CBEBC492B03BA99007B7391 /* runWeatherUITestsLaunchTests.swift in Sources */ = {isa = PBXBuildFile; fileRef = 2CBEBC482B03BA99007B7391 /* runWeatherUITestsLaunchTests.swift */; };
		2CBEBC562B03BC0D007B7391 /* ACCUWEATHER-info.plist in Resources */ = {isa = PBXBuildFile; fileRef = 2CBEBC552B03BC0D007B7391 /* ACCUWEATHER-info.plist */; };
		2CBEBC5B2B03BEB1007B7391 /* LocationModel.swift in Sources */ = {isa = PBXBuildFile; fileRef = 2CBEBC5A2B03BEB1007B7391 /* LocationModel.swift */; };
		2CBEBC5C2B03BEB1007B7391 /* LocationModel.swift in Sources */ = {isa = PBXBuildFile; fileRef = 2CBEBC5A2B03BEB1007B7391 /* LocationModel.swift */; };
		2CBEBC5D2B03BEB1007B7391 /* LocationModel.swift in Sources */ = {isa = PBXBuildFile; fileRef = 2CBEBC5A2B03BEB1007B7391 /* LocationModel.swift */; };
		2CBEBC5F2B03BED8007B7391 /* LocationStore.swift in Sources */ = {isa = PBXBuildFile; fileRef = 2CBEBC5E2B03BED8007B7391 /* LocationStore.swift */; };
		2CBEBC602B03BED8007B7391 /* LocationStore.swift in Sources */ = {isa = PBXBuildFile; fileRef = 2CBEBC5E2B03BED8007B7391 /* LocationStore.swift */; };
		2CBEBC612B03BED8007B7391 /* LocationStore.swift in Sources */ = {isa = PBXBuildFile; fileRef = 2CBEBC5E2B03BED8007B7391 /* LocationStore.swift */; };
		2CBEBC632B03BF0E007B7391 /* apiKey.swift in Sources */ = {isa = PBXBuildFile; fileRef = 2CBEBC622B03BF0E007B7391 /* apiKey.swift */; };
		2CBEBC642B03BF0E007B7391 /* apiKey.swift in Sources */ = {isa = PBXBuildFile; fileRef = 2CBEBC622B03BF0E007B7391 /* apiKey.swift */; };
		2CBEBC652B03BF0E007B7391 /* apiKey.swift in Sources */ = {isa = PBXBuildFile; fileRef = 2CBEBC622B03BF0E007B7391 /* apiKey.swift */; };
		2CBEBC672B03BF3D007B7391 /* UserModel.swift in Sources */ = {isa = PBXBuildFile; fileRef = 2CBEBC662B03BF3D007B7391 /* UserModel.swift */; };
		2CBEBC682B03BF3D007B7391 /* UserModel.swift in Sources */ = {isa = PBXBuildFile; fileRef = 2CBEBC662B03BF3D007B7391 /* UserModel.swift */; };
		2CBEBC692B03BF3D007B7391 /* UserModel.swift in Sources */ = {isa = PBXBuildFile; fileRef = 2CBEBC662B03BF3D007B7391 /* UserModel.swift */; };
		2CBEBC6B2B03BF6F007B7391 /* HourlyWeatherModel.swift in Sources */ = {isa = PBXBuildFile; fileRef = 2CBEBC6A2B03BF6F007B7391 /* HourlyWeatherModel.swift */; };
		2CBEBC6C2B03BF6F007B7391 /* HourlyWeatherModel.swift in Sources */ = {isa = PBXBuildFile; fileRef = 2CBEBC6A2B03BF6F007B7391 /* HourlyWeatherModel.swift */; };
		2CBEBC6D2B03BF6F007B7391 /* HourlyWeatherModel.swift in Sources */ = {isa = PBXBuildFile; fileRef = 2CBEBC6A2B03BF6F007B7391 /* HourlyWeatherModel.swift */; };
		2CBEBC6F2B03BF90007B7391 /* HourlyWeatherStore.swift in Sources */ = {isa = PBXBuildFile; fileRef = 2CBEBC6E2B03BF90007B7391 /* HourlyWeatherStore.swift */; };
		2CBEBC702B03BF90007B7391 /* HourlyWeatherStore.swift in Sources */ = {isa = PBXBuildFile; fileRef = 2CBEBC6E2B03BF90007B7391 /* HourlyWeatherStore.swift */; };
		2CBEBC712B03BF90007B7391 /* HourlyWeatherStore.swift in Sources */ = {isa = PBXBuildFile; fileRef = 2CBEBC6E2B03BF90007B7391 /* HourlyWeatherStore.swift */; };
		2CBEBC732B03BFFA007B7391 /* ProfileView.swift in Sources */ = {isa = PBXBuildFile; fileRef = 2CBEBC722B03BFFA007B7391 /* ProfileView.swift */; };
		2CBEBC742B03BFFA007B7391 /* ProfileView.swift in Sources */ = {isa = PBXBuildFile; fileRef = 2CBEBC722B03BFFA007B7391 /* ProfileView.swift */; };
		2CBEBC752B03BFFA007B7391 /* ProfileView.swift in Sources */ = {isa = PBXBuildFile; fileRef = 2CBEBC722B03BFFA007B7391 /* ProfileView.swift */; };
		2CBEBC7B2B03C08D007B7391 /* HourlyWeatherView.swift in Sources */ = {isa = PBXBuildFile; fileRef = 2CBEBC7A2B03C08D007B7391 /* HourlyWeatherView.swift */; };
		2CBEBC7C2B03C08D007B7391 /* HourlyWeatherView.swift in Sources */ = {isa = PBXBuildFile; fileRef = 2CBEBC7A2B03C08D007B7391 /* HourlyWeatherView.swift */; };
		2CBEBC7D2B03C08D007B7391 /* HourlyWeatherView.swift in Sources */ = {isa = PBXBuildFile; fileRef = 2CBEBC7A2B03C08D007B7391 /* HourlyWeatherView.swift */; };
		2CBEBC8E2B03E439007B7391 /* NoWeatherDataView.swift in Sources */ = {isa = PBXBuildFile; fileRef = 2CBEBC8D2B03E439007B7391 /* NoWeatherDataView.swift */; };
		2CBEBC8F2B03E439007B7391 /* NoWeatherDataView.swift in Sources */ = {isa = PBXBuildFile; fileRef = 2CBEBC8D2B03E439007B7391 /* NoWeatherDataView.swift */; };
		2CBEBC902B03E439007B7391 /* NoWeatherDataView.swift in Sources */ = {isa = PBXBuildFile; fileRef = 2CBEBC8D2B03E439007B7391 /* NoWeatherDataView.swift */; };
		2CBEBC922B03E473007B7391 /* HourDetailView.swift in Sources */ = {isa = PBXBuildFile; fileRef = 2CBEBC912B03E473007B7391 /* HourDetailView.swift */; };
		2CBEBC932B03E473007B7391 /* HourDetailView.swift in Sources */ = {isa = PBXBuildFile; fileRef = 2CBEBC912B03E473007B7391 /* HourDetailView.swift */; };
		2CBEBC942B03E473007B7391 /* HourDetailView.swift in Sources */ = {isa = PBXBuildFile; fileRef = 2CBEBC912B03E473007B7391 /* HourDetailView.swift */; };
/* End PBXBuildFile section */

/* Begin PBXContainerItemProxy section */
		2CBEBC392B03BA99007B7391 /* PBXContainerItemProxy */ = {
			isa = PBXContainerItemProxy;
			containerPortal = 2CBEBC202B03BA98007B7391 /* Project object */;
			proxyType = 1;
			remoteGlobalIDString = 2CBEBC272B03BA98007B7391;
			remoteInfo = runWeather;
		};
		2CBEBC432B03BA99007B7391 /* PBXContainerItemProxy */ = {
			isa = PBXContainerItemProxy;
			containerPortal = 2CBEBC202B03BA98007B7391 /* Project object */;
			proxyType = 1;
			remoteGlobalIDString = 2CBEBC272B03BA98007B7391;
			remoteInfo = runWeather;
		};
/* End PBXContainerItemProxy section */

/* Begin PBXFileReference section */
		2CBEBC282B03BA98007B7391 /* runWeather.app */ = {isa = PBXFileReference; explicitFileType = wrapper.application; includeInIndex = 0; path = runWeather.app; sourceTree = BUILT_PRODUCTS_DIR; };
		2CBEBC2B2B03BA98007B7391 /* RunWeatherApp.swift */ = {isa = PBXFileReference; lastKnownFileType = sourcecode.swift; path = RunWeatherApp.swift; sourceTree = "<group>"; };
		2CBEBC2D2B03BA98007B7391 /* ContentView.swift */ = {isa = PBXFileReference; lastKnownFileType = sourcecode.swift; path = ContentView.swift; sourceTree = "<group>"; };
		2CBEBC2F2B03BA99007B7391 /* Assets.xcassets */ = {isa = PBXFileReference; lastKnownFileType = folder.assetcatalog; path = Assets.xcassets; sourceTree = "<group>"; };
		2CBEBC322B03BA99007B7391 /* Preview Assets.xcassets */ = {isa = PBXFileReference; lastKnownFileType = folder.assetcatalog; path = "Preview Assets.xcassets"; sourceTree = "<group>"; };
		2CBEBC382B03BA99007B7391 /* runWeatherTests.xctest */ = {isa = PBXFileReference; explicitFileType = wrapper.cfbundle; includeInIndex = 0; path = runWeatherTests.xctest; sourceTree = BUILT_PRODUCTS_DIR; };
		2CBEBC3C2B03BA99007B7391 /* runWeatherTests.swift */ = {isa = PBXFileReference; lastKnownFileType = sourcecode.swift; path = runWeatherTests.swift; sourceTree = "<group>"; };
		2CBEBC422B03BA99007B7391 /* runWeatherUITests.xctest */ = {isa = PBXFileReference; explicitFileType = wrapper.cfbundle; includeInIndex = 0; path = runWeatherUITests.xctest; sourceTree = BUILT_PRODUCTS_DIR; };
		2CBEBC462B03BA99007B7391 /* runWeatherUITests.swift */ = {isa = PBXFileReference; lastKnownFileType = sourcecode.swift; path = runWeatherUITests.swift; sourceTree = "<group>"; };
		2CBEBC482B03BA99007B7391 /* runWeatherUITestsLaunchTests.swift */ = {isa = PBXFileReference; lastKnownFileType = sourcecode.swift; path = runWeatherUITestsLaunchTests.swift; sourceTree = "<group>"; };
		2CBEBC552B03BC0D007B7391 /* ACCUWEATHER-info.plist */ = {isa = PBXFileReference; lastKnownFileType = text.plist.xml; path = "ACCUWEATHER-info.plist"; sourceTree = "<group>"; };
		2CBEBC5A2B03BEB1007B7391 /* LocationModel.swift */ = {isa = PBXFileReference; lastKnownFileType = sourcecode.swift; path = LocationModel.swift; sourceTree = "<group>"; };
		2CBEBC5E2B03BED8007B7391 /* LocationStore.swift */ = {isa = PBXFileReference; lastKnownFileType = sourcecode.swift; path = LocationStore.swift; sourceTree = "<group>"; };
		2CBEBC622B03BF0E007B7391 /* apiKey.swift */ = {isa = PBXFileReference; lastKnownFileType = sourcecode.swift; path = apiKey.swift; sourceTree = "<group>"; };
		2CBEBC662B03BF3D007B7391 /* UserModel.swift */ = {isa = PBXFileReference; lastKnownFileType = sourcecode.swift; path = UserModel.swift; sourceTree = "<group>"; };
		2CBEBC6A2B03BF6F007B7391 /* HourlyWeatherModel.swift */ = {isa = PBXFileReference; lastKnownFileType = sourcecode.swift; path = HourlyWeatherModel.swift; sourceTree = "<group>"; };
		2CBEBC6E2B03BF90007B7391 /* HourlyWeatherStore.swift */ = {isa = PBXFileReference; lastKnownFileType = sourcecode.swift; path = HourlyWeatherStore.swift; sourceTree = "<group>"; };
		2CBEBC722B03BFFA007B7391 /* ProfileView.swift */ = {isa = PBXFileReference; lastKnownFileType = sourcecode.swift; path = ProfileView.swift; sourceTree = "<group>"; };
		2CBEBC7A2B03C08D007B7391 /* HourlyWeatherView.swift */ = {isa = PBXFileReference; lastKnownFileType = sourcecode.swift; path = HourlyWeatherView.swift; sourceTree = "<group>"; };
		2CBEBC8D2B03E439007B7391 /* NoWeatherDataView.swift */ = {isa = PBXFileReference; lastKnownFileType = sourcecode.swift; path = NoWeatherDataView.swift; sourceTree = "<group>"; };
		2CBEBC912B03E473007B7391 /* HourDetailView.swift */ = {isa = PBXFileReference; lastKnownFileType = sourcecode.swift; path = HourDetailView.swift; sourceTree = "<group>"; };
/* End PBXFileReference section */

/* Begin PBXFrameworksBuildPhase section */
		2CBEBC252B03BA98007B7391 /* Frameworks */ = {
			isa = PBXFrameworksBuildPhase;
			buildActionMask = 2147483647;
			files = (
			);
			runOnlyForDeploymentPostprocessing = 0;
		};
		2CBEBC352B03BA99007B7391 /* Frameworks */ = {
			isa = PBXFrameworksBuildPhase;
			buildActionMask = 2147483647;
			files = (
			);
			runOnlyForDeploymentPostprocessing = 0;
		};
		2CBEBC3F2B03BA99007B7391 /* Frameworks */ = {
			isa = PBXFrameworksBuildPhase;
			buildActionMask = 2147483647;
			files = (
			);
			runOnlyForDeploymentPostprocessing = 0;
		};
/* End PBXFrameworksBuildPhase section */

/* Begin PBXGroup section */
		2CBEBC1F2B03BA98007B7391 = {
			isa = PBXGroup;
			children = (
				2CBEBC552B03BC0D007B7391 /* ACCUWEATHER-info.plist */,
				2CBEBC2A2B03BA98007B7391 /* runWeather */,
				2CBEBC3B2B03BA99007B7391 /* runWeatherTests */,
				2CBEBC452B03BA99007B7391 /* runWeatherUITests */,
				2CBEBC292B03BA98007B7391 /* Products */,
			);
			sourceTree = "<group>";
		};
		2CBEBC292B03BA98007B7391 /* Products */ = {
			isa = PBXGroup;
			children = (
				2CBEBC282B03BA98007B7391 /* runWeather.app */,
				2CBEBC382B03BA99007B7391 /* runWeatherTests.xctest */,
				2CBEBC422B03BA99007B7391 /* runWeatherUITests.xctest */,
			);
			name = Products;
			sourceTree = "<group>";
		};
		2CBEBC2A2B03BA98007B7391 /* runWeather */ = {
			isa = PBXGroup;
			children = (
				2CBEBC592B03BE31007B7391 /* Utils */,
				2CBEBC582B03BE26007B7391 /* Views */,
				2CBEBC572B03BE1F007B7391 /* Models */,
				2CBEBC2F2B03BA99007B7391 /* Assets.xcassets */,
				2CBEBC312B03BA99007B7391 /* Preview Content */,
			);
			path = runWeather;
			sourceTree = "<group>";
		};
		2CBEBC312B03BA99007B7391 /* Preview Content */ = {
			isa = PBXGroup;
			children = (
				2CBEBC322B03BA99007B7391 /* Preview Assets.xcassets */,
			);
			path = "Preview Content";
			sourceTree = "<group>";
		};
		2CBEBC3B2B03BA99007B7391 /* runWeatherTests */ = {
			isa = PBXGroup;
			children = (
				2CBEBC3C2B03BA99007B7391 /* runWeatherTests.swift */,
			);
			path = runWeatherTests;
			sourceTree = "<group>";
		};
		2CBEBC452B03BA99007B7391 /* runWeatherUITests */ = {
			isa = PBXGroup;
			children = (
				2CBEBC462B03BA99007B7391 /* runWeatherUITests.swift */,
				2CBEBC482B03BA99007B7391 /* runWeatherUITestsLaunchTests.swift */,
			);
			path = runWeatherUITests;
			sourceTree = "<group>";
		};
		2CBEBC572B03BE1F007B7391 /* Models */ = {
			isa = PBXGroup;
			children = (
				2CBEBC5A2B03BEB1007B7391 /* LocationModel.swift */,
				2CBEBC5E2B03BED8007B7391 /* LocationStore.swift */,
				2CBEBC6A2B03BF6F007B7391 /* HourlyWeatherModel.swift */,
				2CBEBC6E2B03BF90007B7391 /* HourlyWeatherStore.swift */,
				2CBEBC662B03BF3D007B7391 /* UserModel.swift */,
			);
			path = Models;
			sourceTree = "<group>";
		};
		2CBEBC582B03BE26007B7391 /* Views */ = {
			isa = PBXGroup;
			children = (
				2CBEBC7E2B03D4BE007B7391 /* Main */,
				2CBEBC7F2B03D4D4007B7391 /* HourlyTab */,
				2CBEBC802B03D4E0007B7391 /* ProfileTab */,
			);
			path = Views;
			sourceTree = "<group>";
		};
		2CBEBC592B03BE31007B7391 /* Utils */ = {
			isa = PBXGroup;
			children = (
				2CBEBC622B03BF0E007B7391 /* apiKey.swift */,
			);
			path = Utils;
			sourceTree = "<group>";
		};
		2CBEBC7E2B03D4BE007B7391 /* Main */ = {
			isa = PBXGroup;
			children = (
				2CBEBC2B2B03BA98007B7391 /* RunWeatherApp.swift */,
				2CBEBC2D2B03BA98007B7391 /* ContentView.swift */,
			);
			path = Main;
			sourceTree = "<group>";
		};
		2CBEBC7F2B03D4D4007B7391 /* HourlyTab */ = {
			isa = PBXGroup;
			children = (
				2CBEBC7A2B03C08D007B7391 /* HourlyWeatherView.swift */,
				2CBEBC8D2B03E439007B7391 /* NoWeatherDataView.swift */,
				2CBEBC912B03E473007B7391 /* HourDetailView.swift */,
			);
			path = HourlyTab;
			sourceTree = "<group>";
		};
		2CBEBC802B03D4E0007B7391 /* ProfileTab */ = {
			isa = PBXGroup;
			children = (
				2CBEBC722B03BFFA007B7391 /* ProfileView.swift */,
			);
			path = ProfileTab;
			sourceTree = "<group>";
		};
/* End PBXGroup section */

/* Begin PBXNativeTarget section */
		2CBEBC272B03BA98007B7391 /* runWeather */ = {
			isa = PBXNativeTarget;
			buildConfigurationList = 2CBEBC4C2B03BA99007B7391 /* Build configuration list for PBXNativeTarget "runWeather" */;
			buildPhases = (
				2CBEBC952B0462D7007B7391 /* ShellScript */,
				2CBEBC242B03BA98007B7391 /* Sources */,
				2CBEBC252B03BA98007B7391 /* Frameworks */,
				2CBEBC262B03BA98007B7391 /* Resources */,
			);
			buildRules = (
			);
			dependencies = (
			);
			name = runWeather;
			productName = runWeather;
			productReference = 2CBEBC282B03BA98007B7391 /* runWeather.app */;
			productType = "com.apple.product-type.application";
		};
		2CBEBC372B03BA99007B7391 /* runWeatherTests */ = {
			isa = PBXNativeTarget;
			buildConfigurationList = 2CBEBC4F2B03BA99007B7391 /* Build configuration list for PBXNativeTarget "runWeatherTests" */;
			buildPhases = (
				2CBEBC342B03BA99007B7391 /* Sources */,
				2CBEBC352B03BA99007B7391 /* Frameworks */,
				2CBEBC362B03BA99007B7391 /* Resources */,
			);
			buildRules = (
			);
			dependencies = (
				2CBEBC3A2B03BA99007B7391 /* PBXTargetDependency */,
			);
			name = runWeatherTests;
			productName = runWeatherTests;
			productReference = 2CBEBC382B03BA99007B7391 /* runWeatherTests.xctest */;
			productType = "com.apple.product-type.bundle.unit-test";
		};
		2CBEBC412B03BA99007B7391 /* runWeatherUITests */ = {
			isa = PBXNativeTarget;
			buildConfigurationList = 2CBEBC522B03BA99007B7391 /* Build configuration list for PBXNativeTarget "runWeatherUITests" */;
			buildPhases = (
				2CBEBC3E2B03BA99007B7391 /* Sources */,
				2CBEBC3F2B03BA99007B7391 /* Frameworks */,
				2CBEBC402B03BA99007B7391 /* Resources */,
			);
			buildRules = (
			);
			dependencies = (
				2CBEBC442B03BA99007B7391 /* PBXTargetDependency */,
			);
			name = runWeatherUITests;
			productName = runWeatherUITests;
			productReference = 2CBEBC422B03BA99007B7391 /* runWeatherUITests.xctest */;
			productType = "com.apple.product-type.bundle.ui-testing";
		};
/* End PBXNativeTarget section */

/* Begin PBXProject section */
		2CBEBC202B03BA98007B7391 /* Project object */ = {
			isa = PBXProject;
			attributes = {
				BuildIndependentTargetsInParallel = 1;
				LastSwiftUpdateCheck = 1500;
				LastUpgradeCheck = 1500;
				TargetAttributes = {
					2CBEBC272B03BA98007B7391 = {
						CreatedOnToolsVersion = 15.0.1;
					};
					2CBEBC372B03BA99007B7391 = {
						CreatedOnToolsVersion = 15.0.1;
						TestTargetID = 2CBEBC272B03BA98007B7391;
					};
					2CBEBC412B03BA99007B7391 = {
						CreatedOnToolsVersion = 15.0.1;
						TestTargetID = 2CBEBC272B03BA98007B7391;
					};
				};
			};
			buildConfigurationList = 2CBEBC232B03BA98007B7391 /* Build configuration list for PBXProject "runWeather" */;
			compatibilityVersion = "Xcode 14.0";
			developmentRegion = en;
			hasScannedForEncodings = 0;
			knownRegions = (
				en,
				Base,
			);
			mainGroup = 2CBEBC1F2B03BA98007B7391;
			packageReferences = (
				2CF95B132B046901000E5476 /* XCRemoteSwiftPackageReference "swift-async-algorithms" */,
			);
			productRefGroup = 2CBEBC292B03BA98007B7391 /* Products */;
			projectDirPath = "";
			projectRoot = "";
			targets = (
				2CBEBC272B03BA98007B7391 /* runWeather */,
				2CBEBC372B03BA99007B7391 /* runWeatherTests */,
				2CBEBC412B03BA99007B7391 /* runWeatherUITests */,
			);
		};
/* End PBXProject section */

/* Begin PBXResourcesBuildPhase section */
		2CBEBC262B03BA98007B7391 /* Resources */ = {
			isa = PBXResourcesBuildPhase;
			buildActionMask = 2147483647;
			files = (
				2CBEBC562B03BC0D007B7391 /* ACCUWEATHER-info.plist in Resources */,
				2CBEBC332B03BA99007B7391 /* Preview Assets.xcassets in Resources */,
				2CBEBC302B03BA99007B7391 /* Assets.xcassets in Resources */,
			);
			runOnlyForDeploymentPostprocessing = 0;
		};
		2CBEBC362B03BA99007B7391 /* Resources */ = {
			isa = PBXResourcesBuildPhase;
			buildActionMask = 2147483647;
			files = (
			);
			runOnlyForDeploymentPostprocessing = 0;
		};
		2CBEBC402B03BA99007B7391 /* Resources */ = {
			isa = PBXResourcesBuildPhase;
			buildActionMask = 2147483647;
			files = (
			);
			runOnlyForDeploymentPostprocessing = 0;
		};
/* End PBXResourcesBuildPhase section */

/* Begin PBXShellScriptBuildPhase section */
		2CBEBC952B0462D7007B7391 /* ShellScript */ = {
			isa = PBXShellScriptBuildPhase;
			buildActionMask = 2147483647;
			files = (
			);
			inputFileListPaths = (
			);
			inputPaths = (
			);
			outputFileListPaths = (
			);
			outputPaths = (
			);
			runOnlyForDeploymentPostprocessing = 0;
			shellPath = /bin/sh;
			shellScript = "#Type a script or drag a script file from your workspace to insert its path.\nPATH=/opt/homebrew/bin:$PATH\nif [ -f ~/com.raywenderlich.swiftlint.yml ]; then\n  if which swiftlint >/dev/null; then\n    swiftlint --no-cache --config ~/com.raywenderlich.swiftlint.yml\n  fi\nfi\n";
		};
/* End PBXShellScriptBuildPhase section */

/* Begin PBXSourcesBuildPhase section */
		2CBEBC242B03BA98007B7391 /* Sources */ = {
			isa = PBXSourcesBuildPhase;
			buildActionMask = 2147483647;
			files = (
				2CBEBC5F2B03BED8007B7391 /* LocationStore.swift in Sources */,
				2CBEBC732B03BFFA007B7391 /* ProfileView.swift in Sources */,
				2CBEBC8E2B03E439007B7391 /* NoWeatherDataView.swift in Sources */,
				2CBEBC632B03BF0E007B7391 /* apiKey.swift in Sources */,
				2CBEBC2E2B03BA98007B7391 /* ContentView.swift in Sources */,
				2CBEBC6F2B03BF90007B7391 /* HourlyWeatherStore.swift in Sources */,
				2CBEBC922B03E473007B7391 /* HourDetailView.swift in Sources */,
				2CBEBC5B2B03BEB1007B7391 /* LocationModel.swift in Sources */,
				2CBEBC7B2B03C08D007B7391 /* HourlyWeatherView.swift in Sources */,
				2CBEBC672B03BF3D007B7391 /* UserModel.swift in Sources */,
				2CBEBC6B2B03BF6F007B7391 /* HourlyWeatherModel.swift in Sources */,
				2CBEBC2C2B03BA98007B7391 /* RunWeatherApp.swift in Sources */,
			);
			runOnlyForDeploymentPostprocessing = 0;
		};
		2CBEBC342B03BA99007B7391 /* Sources */ = {
			isa = PBXSourcesBuildPhase;
			buildActionMask = 2147483647;
			files = (
				2CBEBC742B03BFFA007B7391 /* ProfileView.swift in Sources */,
				2CBEBC5C2B03BEB1007B7391 /* LocationModel.swift in Sources */,
				2CBEBC7C2B03C08D007B7391 /* HourlyWeatherView.swift in Sources */,
				2CBEBC6C2B03BF6F007B7391 /* HourlyWeatherModel.swift in Sources */,
				2CBEBC3D2B03BA99007B7391 /* runWeatherTests.swift in Sources */,
				2CBEBC702B03BF90007B7391 /* HourlyWeatherStore.swift in Sources */,
				2CBEBC642B03BF0E007B7391 /* apiKey.swift in Sources */,
				2CBEBC682B03BF3D007B7391 /* UserModel.swift in Sources */,
				2CBEBC602B03BED8007B7391 /* LocationStore.swift in Sources */,
				2CBEBC932B03E473007B7391 /* HourDetailView.swift in Sources */,
				2CBEBC8F2B03E439007B7391 /* NoWeatherDataView.swift in Sources */,
			);
			runOnlyForDeploymentPostprocessing = 0;
		};
		2CBEBC3E2B03BA99007B7391 /* Sources */ = {
			isa = PBXSourcesBuildPhase;
			buildActionMask = 2147483647;
			files = (
				2CBEBC612B03BED8007B7391 /* LocationStore.swift in Sources */,
				2CBEBC752B03BFFA007B7391 /* ProfileView.swift in Sources */,
				2CBEBC902B03E439007B7391 /* NoWeatherDataView.swift in Sources */,
				2CBEBC652B03BF0E007B7391 /* apiKey.swift in Sources */,
				2CBEBC472B03BA99007B7391 /* runWeatherUITests.swift in Sources */,
				2CBEBC712B03BF90007B7391 /* HourlyWeatherStore.swift in Sources */,
				2CBEBC942B03E473007B7391 /* HourDetailView.swift in Sources */,
				2CBEBC5D2B03BEB1007B7391 /* LocationModel.swift in Sources */,
				2CBEBC7D2B03C08D007B7391 /* HourlyWeatherView.swift in Sources */,
				2CBEBC692B03BF3D007B7391 /* UserModel.swift in Sources */,
				2CBEBC6D2B03BF6F007B7391 /* HourlyWeatherModel.swift in Sources */,
				2CBEBC492B03BA99007B7391 /* runWeatherUITestsLaunchTests.swift in Sources */,
			);
			runOnlyForDeploymentPostprocessing = 0;
		};
/* End PBXSourcesBuildPhase section */

/* Begin PBXTargetDependency section */
		2CBEBC3A2B03BA99007B7391 /* PBXTargetDependency */ = {
			isa = PBXTargetDependency;
			target = 2CBEBC272B03BA98007B7391 /* runWeather */;
			targetProxy = 2CBEBC392B03BA99007B7391 /* PBXContainerItemProxy */;
		};
		2CBEBC442B03BA99007B7391 /* PBXTargetDependency */ = {
			isa = PBXTargetDependency;
			target = 2CBEBC272B03BA98007B7391 /* runWeather */;
			targetProxy = 2CBEBC432B03BA99007B7391 /* PBXContainerItemProxy */;
		};
/* End PBXTargetDependency section */

/* Begin XCBuildConfiguration section */
		2CBEBC4A2B03BA99007B7391 /* Debug */ = {
			isa = XCBuildConfiguration;
			buildSettings = {
				ALWAYS_SEARCH_USER_PATHS = NO;
				ASSETCATALOG_COMPILER_GENERATE_SWIFT_ASSET_SYMBOL_EXTENSIONS = YES;
				CLANG_ANALYZER_NONNULL = YES;
				CLANG_ANALYZER_NUMBER_OBJECT_CONVERSION = YES_AGGRESSIVE;
				CLANG_CXX_LANGUAGE_STANDARD = "gnu++20";
				CLANG_ENABLE_MODULES = YES;
				CLANG_ENABLE_OBJC_ARC = YES;
				CLANG_ENABLE_OBJC_WEAK = YES;
				CLANG_WARN_BLOCK_CAPTURE_AUTORELEASING = YES;
				CLANG_WARN_BOOL_CONVERSION = YES;
				CLANG_WARN_COMMA = YES;
				CLANG_WARN_CONSTANT_CONVERSION = YES;
				CLANG_WARN_DEPRECATED_OBJC_IMPLEMENTATIONS = YES;
				CLANG_WARN_DIRECT_OBJC_ISA_USAGE = YES_ERROR;
				CLANG_WARN_DOCUMENTATION_COMMENTS = YES;
				CLANG_WARN_EMPTY_BODY = YES;
				CLANG_WARN_ENUM_CONVERSION = YES;
				CLANG_WARN_INFINITE_RECURSION = YES;
				CLANG_WARN_INT_CONVERSION = YES;
				CLANG_WARN_NON_LITERAL_NULL_CONVERSION = YES;
				CLANG_WARN_OBJC_IMPLICIT_RETAIN_SELF = YES;
				CLANG_WARN_OBJC_LITERAL_CONVERSION = YES;
				CLANG_WARN_OBJC_ROOT_CLASS = YES_ERROR;
				CLANG_WARN_QUOTED_INCLUDE_IN_FRAMEWORK_HEADER = YES;
				CLANG_WARN_RANGE_LOOP_ANALYSIS = YES;
				CLANG_WARN_STRICT_PROTOTYPES = YES;
				CLANG_WARN_SUSPICIOUS_MOVE = YES;
				CLANG_WARN_UNGUARDED_AVAILABILITY = YES_AGGRESSIVE;
				CLANG_WARN_UNREACHABLE_CODE = YES;
				CLANG_WARN__DUPLICATE_METHOD_MATCH = YES;
				COPY_PHASE_STRIP = NO;
				DEBUG_INFORMATION_FORMAT = dwarf;
				ENABLE_STRICT_OBJC_MSGSEND = YES;
				ENABLE_TESTABILITY = YES;
				ENABLE_USER_SCRIPT_SANDBOXING = YES;
				GCC_C_LANGUAGE_STANDARD = gnu17;
				GCC_DYNAMIC_NO_PIC = NO;
				GCC_NO_COMMON_BLOCKS = YES;
				GCC_OPTIMIZATION_LEVEL = 0;
				GCC_PREPROCESSOR_DEFINITIONS = (
					"DEBUG=1",
					"$(inherited)",
				);
				GCC_WARN_64_TO_32_BIT_CONVERSION = YES;
				GCC_WARN_ABOUT_RETURN_TYPE = YES_ERROR;
				GCC_WARN_UNDECLARED_SELECTOR = YES;
				GCC_WARN_UNINITIALIZED_AUTOS = YES_AGGRESSIVE;
				GCC_WARN_UNUSED_FUNCTION = YES;
				GCC_WARN_UNUSED_VARIABLE = YES;
				IPHONEOS_DEPLOYMENT_TARGET = 17.0;
				LOCALIZATION_PREFERS_STRING_CATALOGS = YES;
				MTL_ENABLE_DEBUG_INFO = INCLUDE_SOURCE;
				MTL_FAST_MATH = YES;
				ONLY_ACTIVE_ARCH = YES;
				SDKROOT = iphoneos;
				SWIFT_ACTIVE_COMPILATION_CONDITIONS = "DEBUG $(inherited)";
				SWIFT_OPTIMIZATION_LEVEL = "-Onone";
			};
			name = Debug;
		};
		2CBEBC4B2B03BA99007B7391 /* Release */ = {
			isa = XCBuildConfiguration;
			buildSettings = {
				ALWAYS_SEARCH_USER_PATHS = NO;
				ASSETCATALOG_COMPILER_GENERATE_SWIFT_ASSET_SYMBOL_EXTENSIONS = YES;
				CLANG_ANALYZER_NONNULL = YES;
				CLANG_ANALYZER_NUMBER_OBJECT_CONVERSION = YES_AGGRESSIVE;
				CLANG_CXX_LANGUAGE_STANDARD = "gnu++20";
				CLANG_ENABLE_MODULES = YES;
				CLANG_ENABLE_OBJC_ARC = YES;
				CLANG_ENABLE_OBJC_WEAK = YES;
				CLANG_WARN_BLOCK_CAPTURE_AUTORELEASING = YES;
				CLANG_WARN_BOOL_CONVERSION = YES;
				CLANG_WARN_COMMA = YES;
				CLANG_WARN_CONSTANT_CONVERSION = YES;
				CLANG_WARN_DEPRECATED_OBJC_IMPLEMENTATIONS = YES;
				CLANG_WARN_DIRECT_OBJC_ISA_USAGE = YES_ERROR;
				CLANG_WARN_DOCUMENTATION_COMMENTS = YES;
				CLANG_WARN_EMPTY_BODY = YES;
				CLANG_WARN_ENUM_CONVERSION = YES;
				CLANG_WARN_INFINITE_RECURSION = YES;
				CLANG_WARN_INT_CONVERSION = YES;
				CLANG_WARN_NON_LITERAL_NULL_CONVERSION = YES;
				CLANG_WARN_OBJC_IMPLICIT_RETAIN_SELF = YES;
				CLANG_WARN_OBJC_LITERAL_CONVERSION = YES;
				CLANG_WARN_OBJC_ROOT_CLASS = YES_ERROR;
				CLANG_WARN_QUOTED_INCLUDE_IN_FRAMEWORK_HEADER = YES;
				CLANG_WARN_RANGE_LOOP_ANALYSIS = YES;
				CLANG_WARN_STRICT_PROTOTYPES = YES;
				CLANG_WARN_SUSPICIOUS_MOVE = YES;
				CLANG_WARN_UNGUARDED_AVAILABILITY = YES_AGGRESSIVE;
				CLANG_WARN_UNREACHABLE_CODE = YES;
				CLANG_WARN__DUPLICATE_METHOD_MATCH = YES;
				COPY_PHASE_STRIP = NO;
				DEBUG_INFORMATION_FORMAT = "dwarf-with-dsym";
				ENABLE_NS_ASSERTIONS = NO;
				ENABLE_STRICT_OBJC_MSGSEND = YES;
				ENABLE_USER_SCRIPT_SANDBOXING = YES;
				GCC_C_LANGUAGE_STANDARD = gnu17;
				GCC_NO_COMMON_BLOCKS = YES;
				GCC_WARN_64_TO_32_BIT_CONVERSION = YES;
				GCC_WARN_ABOUT_RETURN_TYPE = YES_ERROR;
				GCC_WARN_UNDECLARED_SELECTOR = YES;
				GCC_WARN_UNINITIALIZED_AUTOS = YES_AGGRESSIVE;
				GCC_WARN_UNUSED_FUNCTION = YES;
				GCC_WARN_UNUSED_VARIABLE = YES;
				IPHONEOS_DEPLOYMENT_TARGET = 17.0;
				LOCALIZATION_PREFERS_STRING_CATALOGS = YES;
				MTL_ENABLE_DEBUG_INFO = NO;
				MTL_FAST_MATH = YES;
				SDKROOT = iphoneos;
				SWIFT_COMPILATION_MODE = wholemodule;
				VALIDATE_PRODUCT = YES;
			};
			name = Release;
		};
		2CBEBC4D2B03BA99007B7391 /* Debug */ = {
			isa = XCBuildConfiguration;
			buildSettings = {
				ASSETCATALOG_COMPILER_APPICON_NAME = AppIcon;
				ASSETCATALOG_COMPILER_GLOBAL_ACCENT_COLOR_NAME = AccentColor;
				CODE_SIGN_STYLE = Automatic;
				CURRENT_PROJECT_VERSION = 1;
				DEVELOPMENT_ASSET_PATHS = "\"runWeather/Preview Content\"";
				DEVELOPMENT_TEAM = W8LN54BR5K;
				ENABLE_PREVIEWS = YES;
				ENABLE_USER_SCRIPT_SANDBOXING = NO;
				GENERATE_INFOPLIST_FILE = YES;
				INFOPLIST_KEY_UIApplicationSceneManifest_Generation = YES;
				INFOPLIST_KEY_UIApplicationSupportsIndirectInputEvents = YES;
				INFOPLIST_KEY_UILaunchScreen_Generation = YES;
				INFOPLIST_KEY_UISupportedInterfaceOrientations_iPad = "UIInterfaceOrientationPortrait UIInterfaceOrientationPortraitUpsideDown UIInterfaceOrientationLandscapeLeft UIInterfaceOrientationLandscapeRight";
				INFOPLIST_KEY_UISupportedInterfaceOrientations_iPhone = "UIInterfaceOrientationPortrait UIInterfaceOrientationLandscapeLeft UIInterfaceOrientationLandscapeRight";
				LD_RUNPATH_SEARCH_PATHS = (
					"$(inherited)",
					"@executable_path/Frameworks",
				);
				MARKETING_VERSION = 1.0;
				NEW_SETTING = "";
				PRODUCT_BUNDLE_IDENTIFIER = com.becky.runWeather;
				PRODUCT_NAME = "$(TARGET_NAME)";
				SWIFT_EMIT_LOC_STRINGS = YES;
				SWIFT_VERSION = 5.0;
				TARGETED_DEVICE_FAMILY = "1,2";
			};
			name = Debug;
		};
		2CBEBC4E2B03BA99007B7391 /* Release */ = {
			isa = XCBuildConfiguration;
			buildSettings = {
				ASSETCATALOG_COMPILER_APPICON_NAME = AppIcon;
				ASSETCATALOG_COMPILER_GLOBAL_ACCENT_COLOR_NAME = AccentColor;
				CODE_SIGN_STYLE = Automatic;
				CURRENT_PROJECT_VERSION = 1;
				DEVELOPMENT_ASSET_PATHS = "\"runWeather/Preview Content\"";
				DEVELOPMENT_TEAM = W8LN54BR5K;
				ENABLE_PREVIEWS = YES;
				ENABLE_USER_SCRIPT_SANDBOXING = NO;
				GENERATE_INFOPLIST_FILE = YES;
				INFOPLIST_KEY_UIApplicationSceneManifest_Generation = YES;
				INFOPLIST_KEY_UIApplicationSupportsIndirectInputEvents = YES;
				INFOPLIST_KEY_UILaunchScreen_Generation = YES;
				INFOPLIST_KEY_UISupportedInterfaceOrientations_iPad = "UIInterfaceOrientationPortrait UIInterfaceOrientationPortraitUpsideDown UIInterfaceOrientationLandscapeLeft UIInterfaceOrientationLandscapeRight";
				INFOPLIST_KEY_UISupportedInterfaceOrientations_iPhone = "UIInterfaceOrientationPortrait UIInterfaceOrientationLandscapeLeft UIInterfaceOrientationLandscapeRight";
				LD_RUNPATH_SEARCH_PATHS = (
					"$(inherited)",
					"@executable_path/Frameworks",
				);
				MARKETING_VERSION = 1.0;
				NEW_SETTING = "";
				PRODUCT_BUNDLE_IDENTIFIER = com.becky.runWeather;
				PRODUCT_NAME = "$(TARGET_NAME)";
				SWIFT_EMIT_LOC_STRINGS = YES;
				SWIFT_VERSION = 5.0;
				TARGETED_DEVICE_FAMILY = "1,2";
			};
			name = Release;
		};
		2CBEBC502B03BA99007B7391 /* Debug */ = {
			isa = XCBuildConfiguration;
			buildSettings = {
				ALWAYS_EMBED_SWIFT_STANDARD_LIBRARIES = YES;
				BUNDLE_LOADER = "$(TEST_HOST)";
				CODE_SIGN_STYLE = Automatic;
				CURRENT_PROJECT_VERSION = 1;
				DEVELOPMENT_TEAM = W8LN54BR5K;
				GENERATE_INFOPLIST_FILE = YES;
				IPHONEOS_DEPLOYMENT_TARGET = 17.0;
				MARKETING_VERSION = 1.0;
				PRODUCT_BUNDLE_IDENTIFIER = com.becky.runWeatherTests;
				PRODUCT_NAME = "$(TARGET_NAME)";
				SWIFT_EMIT_LOC_STRINGS = NO;
				SWIFT_VERSION = 5.0;
				TARGETED_DEVICE_FAMILY = "1,2";
				TEST_HOST = "$(BUILT_PRODUCTS_DIR)/runWeather.app/$(BUNDLE_EXECUTABLE_FOLDER_PATH)/runWeather";
			};
			name = Debug;
		};
		2CBEBC512B03BA99007B7391 /* Release */ = {
			isa = XCBuildConfiguration;
			buildSettings = {
				ALWAYS_EMBED_SWIFT_STANDARD_LIBRARIES = YES;
				BUNDLE_LOADER = "$(TEST_HOST)";
				CODE_SIGN_STYLE = Automatic;
				CURRENT_PROJECT_VERSION = 1;
				DEVELOPMENT_TEAM = W8LN54BR5K;
				GENERATE_INFOPLIST_FILE = YES;
				IPHONEOS_DEPLOYMENT_TARGET = 17.0;
				MARKETING_VERSION = 1.0;
				PRODUCT_BUNDLE_IDENTIFIER = com.becky.runWeatherTests;
				PRODUCT_NAME = "$(TARGET_NAME)";
				SWIFT_EMIT_LOC_STRINGS = NO;
				SWIFT_VERSION = 5.0;
				TARGETED_DEVICE_FAMILY = "1,2";
				TEST_HOST = "$(BUILT_PRODUCTS_DIR)/runWeather.app/$(BUNDLE_EXECUTABLE_FOLDER_PATH)/runWeather";
			};
			name = Release;
		};
		2CBEBC532B03BA99007B7391 /* Debug */ = {
			isa = XCBuildConfiguration;
			buildSettings = {
				ALWAYS_EMBED_SWIFT_STANDARD_LIBRARIES = YES;
				CODE_SIGN_STYLE = Automatic;
				CURRENT_PROJECT_VERSION = 1;
				DEVELOPMENT_TEAM = W8LN54BR5K;
				GENERATE_INFOPLIST_FILE = YES;
				MARKETING_VERSION = 1.0;
				PRODUCT_BUNDLE_IDENTIFIER = com.becky.runWeatherUITests;
				PRODUCT_NAME = "$(TARGET_NAME)";
				SWIFT_EMIT_LOC_STRINGS = NO;
				SWIFT_VERSION = 5.0;
				TARGETED_DEVICE_FAMILY = "1,2";
				TEST_TARGET_NAME = runWeather;
			};
			name = Debug;
		};
		2CBEBC542B03BA99007B7391 /* Release */ = {
			isa = XCBuildConfiguration;
			buildSettings = {
				ALWAYS_EMBED_SWIFT_STANDARD_LIBRARIES = YES;
				CODE_SIGN_STYLE = Automatic;
				CURRENT_PROJECT_VERSION = 1;
				DEVELOPMENT_TEAM = W8LN54BR5K;
				GENERATE_INFOPLIST_FILE = YES;
				MARKETING_VERSION = 1.0;
				PRODUCT_BUNDLE_IDENTIFIER = com.becky.runWeatherUITests;
				PRODUCT_NAME = "$(TARGET_NAME)";
				SWIFT_EMIT_LOC_STRINGS = NO;
				SWIFT_VERSION = 5.0;
				TARGETED_DEVICE_FAMILY = "1,2";
				TEST_TARGET_NAME = runWeather;
			};
			name = Release;
		};
/* End XCBuildConfiguration section */

/* Begin XCConfigurationList section */
		2CBEBC232B03BA98007B7391 /* Build configuration list for PBXProject "runWeather" */ = {
			isa = XCConfigurationList;
			buildConfigurations = (
				2CBEBC4A2B03BA99007B7391 /* Debug */,
				2CBEBC4B2B03BA99007B7391 /* Release */,
			);
			defaultConfigurationIsVisible = 0;
			defaultConfigurationName = Release;
		};
		2CBEBC4C2B03BA99007B7391 /* Build configuration list for PBXNativeTarget "runWeather" */ = {
			isa = XCConfigurationList;
			buildConfigurations = (
				2CBEBC4D2B03BA99007B7391 /* Debug */,
				2CBEBC4E2B03BA99007B7391 /* Release */,
			);
			defaultConfigurationIsVisible = 0;
			defaultConfigurationName = Release;
		};
		2CBEBC4F2B03BA99007B7391 /* Build configuration list for PBXNativeTarget "runWeatherTests" */ = {
			isa = XCConfigurationList;
			buildConfigurations = (
				2CBEBC502B03BA99007B7391 /* Debug */,
				2CBEBC512B03BA99007B7391 /* Release */,
			);
			defaultConfigurationIsVisible = 0;
			defaultConfigurationName = Release;
		};
		2CBEBC522B03BA99007B7391 /* Build configuration list for PBXNativeTarget "runWeatherUITests" */ = {
			isa = XCConfigurationList;
			buildConfigurations = (
				2CBEBC532B03BA99007B7391 /* Debug */,
				2CBEBC542B03BA99007B7391 /* Release */,
			);
			defaultConfigurationIsVisible = 0;
			defaultConfigurationName = Release;
		};
/* End XCConfigurationList section */

/* Begin XCRemoteSwiftPackageReference section */
		2CF95B132B046901000E5476 /* XCRemoteSwiftPackageReference "swift-async-algorithms" */ = {
			isa = XCRemoteSwiftPackageReference;
			repositoryURL = "https://github.com/apple/swift-async-algorithms.git";
			requirement = {
				kind = upToNextMajorVersion;
				minimumVersion = 0.1.0;
			};
		};
/* End XCRemoteSwiftPackageReference section */
	};
	rootObject = 2CBEBC202B03BA98007B7391 /* Project object */;
}
